
Microsoft Visual Studio Solution File, Format Version 12.00
# Visual Studio Version 17
VisualStudioVersion = 17.7.34202.233
MinimumVisualStudioVersion = 10.0.40219.1
Project("{9A19103F-16F7-4668-BE54-9A1E7A4F7556}") = "PIMAPI", "PIMAPI\PIMAPI.csproj", "{98E77CCC-E458-49EA-93CA-6999FCF7C897}"
EndProject
Project("{9A19103F-16F7-4668-BE54-9A1E7A4F7556}") = "PIMAPI.Application.Abstraction.Domain", "PIMAPI.Application.Abstraction.Domain\PIMAPI.Application.Abstraction.Domain.csproj", "{0D354CE5-5125-4D4B-8ECC-9E27B9AE8AB3}"
EndProject
Project("{9A19103F-16F7-4668-BE54-9A1E7A4F7556}") = "PIMAPI.Application.Infra.Data", "PIMAPI.Application.Infra.Data\PIMAPI.Application.Infra.Data.csproj", "{E1C929E0-E1B1-43B3-BC24-D6A923D1D32C}"
EndProject
Project("{9A19103F-16F7-4668-BE54-9A1E7A4F7556}") = "PIMAPI.Application", "PIMAPI.Application\PIMAPI.Application.csproj", "{DCAF11A5-F3CE-4092-A43D-F6D400C9C705}"
EndProject
<<<<<<< HEAD
Project("{9A19103F-16F7-4668-BE54-9A1E7A4F7556}") = "PIMAPI.Application.Form", "WinFormsApp1\PIMAPI.Application.Form.csproj", "{1ED63F21-449B-427D-9307-E195B1BE31A0}"
EndProject
=======
>>>>>>> 61ff272ead43dbe00c25f95c068e5894a0c5a3b2
Global
	GlobalSection(SolutionConfigurationPlatforms) = preSolution
		Debug|Any CPU = Debug|Any CPU
		Release|Any CPU = Release|Any CPU
	EndGlobalSection
	GlobalSection(ProjectConfigurationPlatforms) = postSolution
		{98E77CCC-E458-49EA-93CA-6999FCF7C897}.Debug|Any CPU.ActiveCfg = Debug|Any CPU
		{98E77CCC-E458-49EA-93CA-6999FCF7C897}.Debug|Any CPU.Build.0 = Debug|Any CPU
		{98E77CCC-E458-49EA-93CA-6999FCF7C897}.Release|Any CPU.ActiveCfg = Release|Any CPU
		{98E77CCC-E458-49EA-93CA-6999FCF7C897}.Release|Any CPU.Build.0 = Release|Any CPU
		{0D354CE5-5125-4D4B-8ECC-9E27B9AE8AB3}.Debug|Any CPU.ActiveCfg = Debug|Any CPU
		{0D354CE5-5125-4D4B-8ECC-9E27B9AE8AB3}.Debug|Any CPU.Build.0 = Debug|Any CPU
		{0D354CE5-5125-4D4B-8ECC-9E27B9AE8AB3}.Release|Any CPU.ActiveCfg = Release|Any CPU
		{0D354CE5-5125-4D4B-8ECC-9E27B9AE8AB3}.Release|Any CPU.Build.0 = Release|Any CPU
		{E1C929E0-E1B1-43B3-BC24-D6A923D1D32C}.Debug|Any CPU.ActiveCfg = Debug|Any CPU
		{E1C929E0-E1B1-43B3-BC24-D6A923D1D32C}.Debug|Any CPU.Build.0 = Debug|Any CPU
		{E1C929E0-E1B1-43B3-BC24-D6A923D1D32C}.Release|Any CPU.ActiveCfg = Release|Any CPU
		{E1C929E0-E1B1-43B3-BC24-D6A923D1D32C}.Release|Any CPU.Build.0 = Release|Any CPU
		{DCAF11A5-F3CE-4092-A43D-F6D400C9C705}.Debug|Any CPU.ActiveCfg = Debug|Any CPU
		{DCAF11A5-F3CE-4092-A43D-F6D400C9C705}.Debug|Any CPU.Build.0 = Debug|Any CPU
		{DCAF11A5-F3CE-4092-A43D-F6D400C9C705}.Release|Any CPU.ActiveCfg = Release|Any CPU
		{DCAF11A5-F3CE-4092-A43D-F6D400C9C705}.Release|Any CPU.Build.0 = Release|Any CPU
<<<<<<< HEAD
		{1ED63F21-449B-427D-9307-E195B1BE31A0}.Debug|Any CPU.ActiveCfg = Debug|Any CPU
		{1ED63F21-449B-427D-9307-E195B1BE31A0}.Debug|Any CPU.Build.0 = Debug|Any CPU
		{1ED63F21-449B-427D-9307-E195B1BE31A0}.Release|Any CPU.ActiveCfg = Release|Any CPU
		{1ED63F21-449B-427D-9307-E195B1BE31A0}.Release|Any CPU.Build.0 = Release|Any CPU
=======
>>>>>>> 61ff272ead43dbe00c25f95c068e5894a0c5a3b2
	EndGlobalSection
	GlobalSection(SolutionProperties) = preSolution
		HideSolutionNode = FALSE
	EndGlobalSection
	GlobalSection(ExtensibilityGlobals) = postSolution
		SolutionGuid = {06CFD7E8-D306-498C-8D37-2FC59523F372}
	EndGlobalSection
EndGlobal
